
Microsoft Visual Studio Solution File, Format Version 12.00
# Visual Studio 15
VisualStudioVersion = 15.0.28010.2048
MinimumVisualStudioVersion = 10.0.40219.1
Project("{FAE04EC0-301F-11D3-BF4B-00C04F79EFBC}") = "1_TypyGeneryczne", "1_TypyGeneryczne\1_TypyGeneryczne.csproj", "{F9497991-542D-46F8-85D7-746DF3773298}"
EndProject
Project("{FAE04EC0-301F-11D3-BF4B-00C04F79EFBC}") = "2_Kolekcje generyczne", "2_Kolekcje generyczne\2_Kolekcje generyczne.csproj", "{0635B4CC-AF91-459F-81F1-895CB9399672}"
EndProject
Project("{FAE04EC0-301F-11D3-BF4B-00C04F79EFBC}") = "1_TypyGeneryczneTests", "1_TypyGeneryczneTests\1_TypyGeneryczneTests.csproj", "{6A96B878-ACC6-4C7D-AE64-C6A864D6FD57}"
EndProject
Project("{FAE04EC0-301F-11D3-BF4B-00C04F79EFBC}") = "2_KolekcjeGeneryczneTest", "2_KolekcjeGeneryczneTest\2_KolekcjeGeneryczneTest.csproj", "{648027EA-D065-4B23-A897-E954360FD45A}"
EndProject
Project("{FAE04EC0-301F-11D3-BF4B-00C04F79EFBC}") = "3_KlasyIInterfejsyGeneryczne", "3_KlasyIInterfejsyGeneryczne\3_KlasyIInterfejsyGeneryczne.csproj", "{43433C18-CC8A-4D1E-82D9-77099DC9747D}"
EndProject
Project("{FAE04EC0-301F-11D3-BF4B-00C04F79EFBC}") = "3_KlasyIInterfejsyGeneryczneTests", "3_KlasyIInterfejsyGeneryczneTests\3_KlasyIInterfejsyGeneryczneTests.csproj", "{94A29C04-8645-4353-9F6B-2488742CB2C6}"
EndProject
Global
	GlobalSection(SolutionConfigurationPlatforms) = preSolution
		Debug|Any CPU = Debug|Any CPU
		Release|Any CPU = Release|Any CPU
	EndGlobalSection
	GlobalSection(ProjectConfigurationPlatforms) = postSolution
		{F9497991-542D-46F8-85D7-746DF3773298}.Debug|Any CPU.ActiveCfg = Debug|Any CPU
		{F9497991-542D-46F8-85D7-746DF3773298}.Debug|Any CPU.Build.0 = Debug|Any CPU
		{F9497991-542D-46F8-85D7-746DF3773298}.Release|Any CPU.ActiveCfg = Release|Any CPU
		{F9497991-542D-46F8-85D7-746DF3773298}.Release|Any CPU.Build.0 = Release|Any CPU
		{0635B4CC-AF91-459F-81F1-895CB9399672}.Debug|Any CPU.ActiveCfg = Debug|Any CPU
		{0635B4CC-AF91-459F-81F1-895CB9399672}.Debug|Any CPU.Build.0 = Debug|Any CPU
		{0635B4CC-AF91-459F-81F1-895CB9399672}.Release|Any CPU.ActiveCfg = Release|Any CPU
		{0635B4CC-AF91-459F-81F1-895CB9399672}.Release|Any CPU.Build.0 = Release|Any CPU
		{6A96B878-ACC6-4C7D-AE64-C6A864D6FD57}.Debug|Any CPU.ActiveCfg = Debug|Any CPU
		{6A96B878-ACC6-4C7D-AE64-C6A864D6FD57}.Debug|Any CPU.Build.0 = Debug|Any CPU
		{6A96B878-ACC6-4C7D-AE64-C6A864D6FD57}.Release|Any CPU.ActiveCfg = Release|Any CPU
		{6A96B878-ACC6-4C7D-AE64-C6A864D6FD57}.Release|Any CPU.Build.0 = Release|Any CPU
		{648027EA-D065-4B23-A897-E954360FD45A}.Debug|Any CPU.ActiveCfg = Debug|Any CPU
		{648027EA-D065-4B23-A897-E954360FD45A}.Debug|Any CPU.Build.0 = Debug|Any CPU
		{648027EA-D065-4B23-A897-E954360FD45A}.Release|Any CPU.ActiveCfg = Release|Any CPU
		{648027EA-D065-4B23-A897-E954360FD45A}.Release|Any CPU.Build.0 = Release|Any CPU
		{43433C18-CC8A-4D1E-82D9-77099DC9747D}.Debug|Any CPU.ActiveCfg = Debug|Any CPU
		{43433C18-CC8A-4D1E-82D9-77099DC9747D}.Debug|Any CPU.Build.0 = Debug|Any CPU
		{43433C18-CC8A-4D1E-82D9-77099DC9747D}.Release|Any CPU.ActiveCfg = Release|Any CPU
		{43433C18-CC8A-4D1E-82D9-77099DC9747D}.Release|Any CPU.Build.0 = Release|Any CPU
		{94A29C04-8645-4353-9F6B-2488742CB2C6}.Debug|Any CPU.ActiveCfg = Debug|Any CPU
		{94A29C04-8645-4353-9F6B-2488742CB2C6}.Debug|Any CPU.Build.0 = Debug|Any CPU
		{94A29C04-8645-4353-9F6B-2488742CB2C6}.Release|Any CPU.ActiveCfg = Release|Any CPU
		{94A29C04-8645-4353-9F6B-2488742CB2C6}.Release|Any CPU.Build.0 = Release|Any CPU
	EndGlobalSection
	GlobalSection(SolutionProperties) = preSolution
		HideSolutionNode = FALSE
	EndGlobalSection
	GlobalSection(ExtensibilityGlobals) = postSolution
		SolutionGuid = {4066CED2-87C6-4F40-8BE4-043D6864BE87}
	EndGlobalSection
EndGlobal
